
Microsoft Visual Studio Solution File, Format Version 12.00
# Visual Studio Version 17
VisualStudioVersion = 17.7.34221.43
MinimumVisualStudioVersion = 10.0.40219.1
Project("{FAE04EC0-301F-11D3-BF4B-00C04F79EFBC}") = "VendingMachineREST", "VendingMachineREST\VendingMachineREST.csproj", "{FFE0BB7C-169B-4C76-BD81-EF120F3F60B5}"
EndProject
Project("{FAE04EC0-301F-11D3-BF4B-00C04F79EFBC}") = "VendingMachineRESTTests", "VendingMachineRESTTests\VendingMachineRESTTests.csproj", "{90DB52A5-A4A7-41B9-8045-BEEBA2EF7C22}"
EndProject
Global
	GlobalSection(SolutionConfigurationPlatforms) = preSolution
		Debug|Any CPU = Debug|Any CPU
		Release|Any CPU = Release|Any CPU
	EndGlobalSection
	GlobalSection(ProjectConfigurationPlatforms) = postSolution
		{FFE0BB7C-169B-4C76-BD81-EF120F3F60B5}.Debug|Any CPU.ActiveCfg = Debug|Any CPU
		{FFE0BB7C-169B-4C76-BD81-EF120F3F60B5}.Debug|Any CPU.Build.0 = Debug|Any CPU
		{FFE0BB7C-169B-4C76-BD81-EF120F3F60B5}.Release|Any CPU.ActiveCfg = Release|Any CPU
		{FFE0BB7C-169B-4C76-BD81-EF120F3F60B5}.Release|Any CPU.Build.0 = Release|Any CPU
		{90DB52A5-A4A7-41B9-8045-BEEBA2EF7C22}.Debug|Any CPU.ActiveCfg = Debug|Any CPU
		{90DB52A5-A4A7-41B9-8045-BEEBA2EF7C22}.Debug|Any CPU.Build.0 = Debug|Any CPU
		{90DB52A5-A4A7-41B9-8045-BEEBA2EF7C22}.Release|Any CPU.ActiveCfg = Release|Any CPU
		{90DB52A5-A4A7-41B9-8045-BEEBA2EF7C22}.Release|Any CPU.Build.0 = Release|Any CPU
	EndGlobalSection
	GlobalSection(SolutionProperties) = preSolution
		HideSolutionNode = FALSE
	EndGlobalSection
	GlobalSection(ExtensibilityGlobals) = postSolution
		SolutionGuid = {9A453EB1-D481-4ABE-81FA-8A6EA95F9A4F}
	EndGlobalSection
EndGlobal
